{
  "version": 2,
  "dependencies": {
    "net9.0": {
      "coverlet.msbuild": {
        "type": "Direct",
        "requested": "[6.0.2, )",
        "resolved": "6.0.2",
        "contentHash": "8b4jBNH7mcQy1otyQErjjIUuGD74XxKZ1wvDufbY7jhWwckl7wIa+icjwdPYeI0aYMS4Tp63LIZvyMFjWwOMDw=="
      },
      "DotNet.ReproducibleBuilds": {
        "type": "Direct",
        "requested": "[1.2.25, )",
        "resolved": "1.2.25",
        "contentHash": "xCXiw7BCxHJ8pF6wPepRUddlh2dlQlbr81gXA72hdk4FLHkKXas7EH/n+fk5UCA/YfMqG1Z6XaPiUjDbUNBUzg=="
      },
      "FakeItEasy": {
        "type": "Direct",
        "requested": "[8.3.0, )",
        "resolved": "8.3.0",
        "contentHash": "5QmShA6njFOhQHUYrFUjWEepfRcbQLOhgctaFhWyhPTi17kVGNyZOdvJ/2HhoNthmdghIzNsnZsMScJZhVBaQQ==",
        "dependencies": {
          "Castle.Core": "5.1.1"
        }
      },
      "FakeItEasy.Analyzer.CSharp": {
        "type": "Direct",
        "requested": "[6.1.1, )",
        "resolved": "6.1.1",
        "contentHash": "zr1WKM8GIB9JcizPprziXZ5/kYStV4W+8G0B/cEc12AzQg2Wb2bpA9dzBoVGPmAOOGQEn4QLNkiPLhM/QWOz8A=="
      },
      "Karls.Analyzers": {
        "type": "Direct",
        "requested": "[0.4.3, )",
        "resolved": "0.4.3",
        "contentHash": "wxr/TDyOx53XaTc5ePx3Kmdcgj0PTH7iiU2cDClbPRiL3/tlvnls3EO6/ah6isyKfBVoXYzWeTiDdHQJ2zpBbQ=="
      },
      "Microsoft.Extensions.Diagnostics.Testing": {
        "type": "Direct",
        "requested": "[9.0.0, )",
        "resolved": "9.0.0",
        "contentHash": "WasWGrgt+VP4qagXTBAYzLbS5os798iFudQ5Z5LyyA79H3/rtzP7LvlhoALDTWckBTojX4I9ZsRSgw/HI4c0Sw==",
        "dependencies": {
          "Microsoft.Extensions.Logging": "9.0.0",
          "Microsoft.Extensions.Options.ConfigurationExtensions": "9.0.0",
          "Microsoft.Extensions.Telemetry.Abstractions": "9.0.0"
        }
      },
      "Microsoft.Extensions.Logging.Abstractions": {
        "type": "Direct",
        "requested": "[9.0.0, )",
        "resolved": "9.0.0",
        "contentHash": "g0UfujELzlLbHoVG8kPKVBaW470Ewi+jnptGS9KUi6jcb+k2StujtK3m26DFSGGwQ/+bVgZfsWqNzlP6YOejvw==",
        "dependencies": {
          "Microsoft.Extensions.DependencyInjection.Abstractions": "9.0.0"
        }
      },
      "Microsoft.Extensions.TimeProvider.Testing": {
        "type": "Direct",
        "requested": "[9.0.0, )",
        "resolved": "9.0.0",
        "contentHash": "BVLDMoIt7le5yghYHvnlshFg7IBPwftA62Dz2i1GuEzL83KJ14z+tG3+sWwfSQPWaoRxetwATyo1Sl+4cUIcbA=="
      },
      "Microsoft.NET.Test.Sdk": {
        "type": "Direct",
        "requested": "[17.12.0, )",
        "resolved": "17.12.0",
        "contentHash": "kt/PKBZ91rFCWxVIJZSgVLk+YR+4KxTuHf799ho8WNiK5ZQpJNAEZCAWX86vcKrs+DiYjiibpYKdGZP6+/N17w==",
        "dependencies": {
          "Microsoft.CodeCoverage": "17.12.0",
          "Microsoft.TestPlatform.TestHost": "17.12.0"
        }
      },
      "Roslynator.Analyzers": {
        "type": "Direct",
        "requested": "[4.12.9, )",
        "resolved": "4.12.9",
        "contentHash": "X6lDpN/D5wuinq37KIx+l3GSUe9No+8bCjGBTI5sEEtxapLztkHg6gzNVhMXpXw8P+/5gFYxTXJ5Pf8O4iNz/w=="
      },
      "Roslynator.Formatting.Analyzers": {
        "type": "Direct",
        "requested": "[4.12.9, )",
        "resolved": "4.12.9",
        "contentHash": "DOS/WK8xLvqPgD/SDVHQ6vI4T5uhDQftPuCXP1jB0TztzPrlblNud1F+9GhjzPIQrxxzkBmG65rihNErp2WVhg=="
      },
      "Shouldly": {
        "type": "Direct",
        "requested": "[4.2.1, )",
        "resolved": "4.2.1",
        "contentHash": "dKAKiSuhLKqD2TXwLKtqNg1nwzJcIKOOMncZjk9LYe4W+h+SCftpWdxwR79YZUIHMH+3Vu9s0s0UHNrgICLwRQ==",
        "dependencies": {
          "DiffEngine": "11.3.0",
          "EmptyFiles": "4.4.0"
        }
      },
      "TestableIO.System.IO.Abstractions.Analyzers": {
        "type": "Direct",
        "requested": "[2022.0.0, )",
        "resolved": "2022.0.0",
        "contentHash": "rVk7HyTWXC1IOHTLMOzZyX6Wu1qbwVoA17XGF837uUElDnfg4emPxewPpGSgtuJzuJeoH4SGeQtDoB8v9J1d9Q=="
      },
      "TestableIO.System.IO.Abstractions.TestingHelpers": {
        "type": "Direct",
        "requested": "[21.1.7, )",
        "resolved": "21.1.7",
        "contentHash": "2ul9Dpl7GF7OAQUZUWWqjU0tug5h+yMQXRhtcqeFm0oCPtbhMBaBczWu/majJoRAq3ZGbRmPj1+9zLmldjzA5w==",
        "dependencies": {
          "TestableIO.System.IO.Abstractions": "21.1.7",
          "TestableIO.System.IO.Abstractions.Wrappers": "21.1.7"
        }
      },
      "xunit.runner.visualstudio": {
        "type": "Direct",
        "requested": "[3.0.0, )",
        "resolved": "3.0.0",
        "contentHash": "HggUqjQJe8PtDxcP25Q+CnR6Lz4oX3GElhD9V4oU2+75x9HI6A6sxbfKGS4UwU4t4yJaS9fBmAuriz8bQApNjw=="
      },
      "xunit.v3": {
        "type": "Direct",
        "requested": "[1.0.0, )",
        "resolved": "1.0.0",
        "contentHash": "jomUqCyfbILuGa4zWFAU1knj1n5/1H44ACDo7iu6DZlmmSbYlyYgB6Vzy8gxab6eh78otXDF/ntjktDCRkTMIg==",
        "dependencies": {
          "xunit.analyzers": "1.18.0",
          "xunit.v3.assert": "[1.0.0]",
          "xunit.v3.core": "[1.0.0]"
        }
      },
      "Castle.Core": {
        "type": "Transitive",
        "resolved": "5.1.1",
        "contentHash": "rpYtIczkzGpf+EkZgDr9CClTdemhsrwA/W5hMoPjLkRFnXzH44zDLoovXeKtmxb1ykXK9aJVODSpiJml8CTw2g==",
        "dependencies": {
          "System.Diagnostics.EventLog": "6.0.0"
        }
      },
      "DiffEngine": {
        "type": "Transitive",
        "resolved": "11.3.0",
        "contentHash": "k0ZgZqd09jLZQjR8FyQbSQE86Q7QZnjEzq1LPHtj1R2AoWO8sjV5x+jlSisL7NZAbUOI4y+7Bog8gkr9WIRBGw==",
        "dependencies": {
          "EmptyFiles": "4.4.0",
          "System.Management": "6.0.1"
        }
      },
      "EmptyFiles": {
        "type": "Transitive",
        "resolved": "4.4.0",
        "contentHash": "gwJEfIGS7FhykvtZoscwXj/XwW+mJY6UbAZk+qtLKFUGWC95kfKXnj8VkxsZQnWBxJemM/q664rGLN5nf+OHZw=="
      },
      "Microsoft.Bcl.AsyncInterfaces": {
        "type": "Transitive",
        "resolved": "6.0.0",
        "contentHash": "UcSjPsst+DfAdJGVDsu346FX0ci0ah+lw3WRtn18NUwEqRt70HaOQ7lI72vy3+1LxtqI3T5GWwV39rQSrCzAeg=="
      },
      "Microsoft.CodeCoverage": {
        "type": "Transitive",
        "resolved": "17.12.0",
        "contentHash": "4svMznBd5JM21JIG2xZKGNanAHNXplxf/kQDFfLHXQ3OnpJkayRK/TjacFjA+EYmoyuNXHo/sOETEfcYtAzIrA=="
      },
      "Microsoft.Extensions.Compliance.Abstractions": {
        "type": "Transitive",
        "resolved": "9.0.0",
        "contentHash": "Y85iXLdg55OYwJR23KvCYAPDaIa+723vus9WzLROVWMy0sblHlxVtPR01QR+mwVFbYiljqa9NknmELVitzxbXw==",
        "dependencies": {
          "Microsoft.Extensions.DependencyInjection.Abstractions": "9.0.0",
          "Microsoft.Extensions.ObjectPool": "9.0.0"
        }
      },
      "Microsoft.Extensions.Configuration.Abstractions": {
        "type": "Transitive",
        "resolved": "9.0.0",
        "contentHash": "lqvd7W3FGKUO1+ZoUEMaZ5XDJeWvjpy2/M/ptCGz3tXLD4HWVaSzjufsAsjemasBEg+2SxXVtYVvGt5r2nKDlg==",
        "dependencies": {
          "Microsoft.Extensions.Primitives": "9.0.0"
        }
      },
      "Microsoft.Extensions.Configuration.Binder": {
        "type": "Transitive",
        "resolved": "9.0.0",
        "contentHash": "RiScL99DcyngY9zJA2ROrri7Br8tn5N4hP4YNvGdTN/bvg1A3dwvDOxHnNZ3Im7x2SJ5i4LkX1uPiR/MfSFBLQ==",
        "dependencies": {
          "Microsoft.Extensions.Configuration.Abstractions": "9.0.0"
        }
      },
      "Microsoft.Extensions.DependencyInjection": {
        "type": "Transitive",
        "resolved": "9.0.0",
        "contentHash": "MCPrg7v3QgNMr0vX4vzRXvkNGgLg8vKWX0nKCWUxu2uPyMsaRgiRc1tHBnbTcfJMhMKj2slE/j2M9oGkd25DNw==",
        "dependencies": {
          "Microsoft.Extensions.DependencyInjection.Abstractions": "9.0.0"
        }
      },
      "Microsoft.Extensions.DependencyInjection.Abstractions": {
        "type": "Transitive",
        "resolved": "9.0.0",
        "contentHash": "+6f2qv2a3dLwd5w6JanPIPs47CxRbnk+ZocMJUhv9NxP88VlOcJYZs9jY+MYSjxvady08bUZn6qgiNh7DadGgg=="
      },
      "Microsoft.Extensions.Logging": {
        "type": "Transitive",
        "resolved": "9.0.0",
        "contentHash": "crjWyORoug0kK7RSNJBTeSE6VX8IQgLf3nUpTB9m62bPXp/tzbnOsnbe8TXEG0AASNaKZddnpHKw7fET8E++Pg==",
        "dependencies": {
          "Microsoft.Extensions.DependencyInjection": "9.0.0",
          "Microsoft.Extensions.Logging.Abstractions": "9.0.0",
          "Microsoft.Extensions.Options": "9.0.0"
        }
      },
      "Microsoft.Extensions.ObjectPool": {
        "type": "Transitive",
        "resolved": "9.0.0",
        "contentHash": "UbsU/gYe4nv1DeqMXIVzDfNNek7Sk2kKuAOXL/Y+sLcAR0HwFUqzg1EPiU88jeHNe0g81aPvvHbvHarQr3r9IA=="
      },
      "Microsoft.Extensions.Options": {
        "type": "Transitive",
        "resolved": "9.0.0",
        "contentHash": "y2146b3jrPI3Q0lokKXdKLpmXqakYbDIPDV6r3M8SqvSf45WwOTzkyfDpxnZXJsJQEpAsAqjUq5Pu8RCJMjubg==",
        "dependencies": {
          "Microsoft.Extensions.DependencyInjection.Abstractions": "9.0.0",
          "Microsoft.Extensions.Primitives": "9.0.0"
        }
      },
      "Microsoft.Extensions.Options.ConfigurationExtensions": {
        "type": "Transitive",
        "resolved": "9.0.0",
        "contentHash": "Ob3FXsXkcSMQmGZi7qP07EQ39kZpSBlTcAZLbJLdI4FIf0Jug8biv2HTavWmnTirchctPlq9bl/26CXtQRguzA==",
        "dependencies": {
          "Microsoft.Extensions.Configuration.Abstractions": "9.0.0",
          "Microsoft.Extensions.Configuration.Binder": "9.0.0",
          "Microsoft.Extensions.DependencyInjection.Abstractions": "9.0.0",
          "Microsoft.Extensions.Options": "9.0.0",
          "Microsoft.Extensions.Primitives": "9.0.0"
        }
      },
      "Microsoft.Extensions.Primitives": {
        "type": "Transitive",
        "resolved": "9.0.0",
        "contentHash": "N3qEBzmLMYiASUlKxxFIISP4AiwuPTHF5uCh+2CWSwwzAJiIYx0kBJsS30cp1nvhSySFAVi30jecD307jV+8Kg=="
      },
      "Microsoft.Extensions.Telemetry.Abstractions": {
        "type": "Transitive",
        "resolved": "9.0.0",
        "contentHash": "F84i7q3FleH1kjmaSuslZ33yzWtzxZXWjd1ylXcuwM5jNjWN2ifJSO0xQ5c5BYWZA5VeIWWUWupIYr6+3TnDqA==",
        "dependencies": {
          "Microsoft.Extensions.Compliance.Abstractions": "9.0.0",
          "Microsoft.Extensions.Logging.Abstractions": "9.0.0",
          "Microsoft.Extensions.ObjectPool": "9.0.0",
          "Microsoft.Extensions.Options": "9.0.0"
        }
      },
      "Microsoft.Testing.Extensions.TrxReport.Abstractions": {
        "type": "Transitive",
        "resolved": "1.4.3",
        "contentHash": "16sWznD6ZMok/zgW+vrO6zerCFMD9N+ey9bi1iV/e9xxsQb4V4y/aW6cY/Y7E9jA7pc+aZ6ffZby43yxQOoYZA==",
        "dependencies": {
          "Microsoft.Testing.Platform": "1.4.3"
        }
      },
      "Microsoft.Testing.Platform": {
        "type": "Transitive",
        "resolved": "1.4.3",
        "contentHash": "NedIbwl1T7+ZMeg7gwk0Db8/RFLf0siyVpeTcRMMOle6Xl/ujaYOM4Aduo8rEfVqNj3kcQ7blegpyT3dHi+0PA=="
      },
      "Microsoft.Testing.Platform.MSBuild": {
        "type": "Transitive",
        "resolved": "1.4.3",
        "contentHash": "1gGqgHtiZ6tZn/6Tby+qlKpNe5Ye/5LnxlSsyl4XMZ4m4V+Cu1K1m+gD1zxoxHIvLjgX8mCnQRK95MGBBFuumw==",
        "dependencies": {
          "Microsoft.Testing.Platform": "1.4.3"
        }
      },
      "Microsoft.TestPlatform.ObjectModel": {
        "type": "Transitive",
        "resolved": "17.12.0",
        "contentHash": "TDqkTKLfQuAaPcEb3pDDWnh7b3SyZF+/W9OZvWFp6eJCIiiYFdSB6taE2I6tWrFw5ywhzOb6sreoGJTI6m3rSQ==",
        "dependencies": {
          "System.Reflection.Metadata": "1.6.0"
        }
      },
      "Microsoft.TestPlatform.TestHost": {
        "type": "Transitive",
        "resolved": "17.12.0",
        "contentHash": "MiPEJQNyADfwZ4pJNpQex+t9/jOClBGMiCiVVFuELCMSX2nmNfvUor3uFVxNNCg30uxDP8JDYfPnMXQzsfzYyg==",
        "dependencies": {
          "Microsoft.TestPlatform.ObjectModel": "17.12.0",
          "Newtonsoft.Json": "13.0.1"
        }
      },
      "Newtonsoft.Json": {
        "type": "Transitive",
        "resolved": "13.0.1",
        "contentHash": "ppPFpBcvxdsfUonNcvITKqLl3bqxWbDCZIzDWHzjpdAHRFfZe0Dw9HmA0+za13IdyrgJwpkDTDA9fHaxOrt20A=="
      },
      "System.CodeDom": {
        "type": "Transitive",
        "resolved": "6.0.0",
        "contentHash": "CPc6tWO1LAer3IzfZufDBRL+UZQcj5uS207NHALQzP84Vp/z6wF0Aa0YZImOQY8iStY0A2zI/e3ihKNPfUm8XA=="
      },
      "System.Diagnostics.EventLog": {
        "type": "Transitive",
        "resolved": "6.0.0",
        "contentHash": "lcyUiXTsETK2ALsZrX+nWuHSIQeazhqPphLfaRxzdGaG93+0kELqpgEHtwWOlQe7+jSFnKwaCAgL4kjeZCQJnw=="
      },
      "System.Management": {
        "type": "Transitive",
        "resolved": "6.0.1",
        "contentHash": "10J1D0h/lioojphfJ4Fuh5ZUThT/xOVHdV9roGBittKKNP2PMjrvibEdbVTGZcPra1399Ja3tqIJLyQrc5Wmhg==",
        "dependencies": {
          "System.CodeDom": "6.0.0"
        }
      },
      "System.Reflection.Metadata": {
        "type": "Transitive",
        "resolved": "1.6.0",
        "contentHash": "COC1aiAJjCoA5GBF+QKL2uLqEBew4JsCkQmoHKbN3TlOZKa2fKLz5CpiRQKDz0RsAOEGsVKqOD5bomsXq/4STQ=="
      },
      "TestableIO.System.IO.Abstractions": {
        "type": "Transitive",
        "resolved": "21.1.7",
        "contentHash": "qsaIAF06PJiFUp1jH2y5NP3IcJILUYtcdGgx25p3D9G4QrFz4Cs3frGp8njX+zQWeb/tHBS+CTMHZtU7Nqa1lg=="
      },
      "xunit.analyzers": {
        "type": "Transitive",
        "resolved": "1.18.0",
        "contentHash": "OtFMHN8yqIcYP9wcVIgJrq01AfTxijjAqVDy/WeQVSyrDC1RzBWeQPztL49DN2syXRah8TYnfvk035s7L95EZQ=="
      },
      "xunit.v3.assert": {
        "type": "Transitive",
        "resolved": "1.0.0",
        "contentHash": "XGJP9QfdvT0cF14yPBe8uWQIEJaoaLXKhxWCE3W2mjugUYjiWVCoE1HtPDpoUiKRLcECvTJpmUHngebWTQUMog=="
      },
      "xunit.v3.common": {
        "type": "Transitive",
        "resolved": "1.0.0",
        "contentHash": "3w/BtAJe83G73KXpxrejrQw+eO51gmFrHUov5rq2jfb9nFUYWrSvdK55aIPh1SMXZMNka3qnCvkmhFVZ8o7PtA==",
        "dependencies": {
          "Microsoft.Bcl.AsyncInterfaces": "6.0.0"
        }
      },
      "xunit.v3.core": {
        "type": "Transitive",
        "resolved": "1.0.0",
        "contentHash": "1OIr5m7smSIHaNPUe8IJ3+UvsQb9KiIQMwUm2uDcLB3w8Z2e1sg0ND4TcVzNltCuWVEnXU73XpNHwrCNLbaQYA==",
        "dependencies": {
          "Microsoft.Testing.Platform.MSBuild": "1.4.3",
          "xunit.v3.extensibility.core": "[1.0.0]",
          "xunit.v3.runner.inproc.console": "[1.0.0]"
        }
      },
      "xunit.v3.extensibility.core": {
        "type": "Transitive",
        "resolved": "1.0.0",
        "contentHash": "TsRSMWPnrZ0uAPBKWCusQi5l406IlwtzIDguID70XrytDmD2H/9yUqoFruMpYfrLPep/vFnv+26L6/6J57TyVQ==",
        "dependencies": {
          "xunit.v3.common": "[1.0.0]"
        }
      },
      "xunit.v3.runner.common": {
        "type": "Transitive",
        "resolved": "1.0.0",
        "contentHash": "971vQ/IVmxWxKu6Rd9GlCBuoSTn2JH5S6GFUhlaCnMDpx36VjhrwVt2qS2RcMO6Hu4TlNyBEsZqgZ8g6HyMXSQ==",
        "dependencies": {
          "xunit.v3.common": "[1.0.0]"
        }
      },
      "xunit.v3.runner.inproc.console": {
        "type": "Transitive",
        "resolved": "1.0.0",
        "contentHash": "UwtiQZUVpxhulszBKH5Qvuu6Oxs8UXteZEOaOosP9lCXjvBvprxyeHFQCVfMuxKPbITx3MA7h9W7D5vgrR9lzQ==",
        "dependencies": {
          "Microsoft.Testing.Extensions.TrxReport.Abstractions": "1.4.3",
          "Microsoft.Testing.Platform": "1.4.3",
          "xunit.v3.extensibility.core": "[1.0.0]",
          "xunit.v3.runner.common": "[1.0.0]"
        }
      },
      "base_name.core": {
        "type": "Project",
        "dependencies": {
          "Microsoft.Extensions.Logging.Abstractions": "[9.0.0, )",
          "TestableIO.System.IO.Abstractions.Wrappers": "[21.1.7, )"
        }
      },
      "base_name.testhelpers": {
        "type": "Project",
        "dependencies": {
          "BASE_NAME.Core": "[1.0.0, )",
          "FakeItEasy": "[8.3.0, )",
          "Microsoft.Extensions.Diagnostics.Testing": "[9.0.0, )",
          "Microsoft.Extensions.Logging.Abstractions": "[9.0.0, )",
          "Microsoft.Extensions.TimeProvider.Testing": "[9.0.0, )",
          "Microsoft.NET.Test.Sdk": "[17.12.0, )",
          "Shouldly": "[4.2.1, )",
          "TestableIO.System.IO.Abstractions.TestingHelpers": "[21.1.7, )",
          "xunit.v3": "[1.0.0, )"
        }
      },
      "TestableIO.System.IO.Abstractions.Wrappers": {
        "type": "CentralTransitive",
        "requested": "[21.1.7, )",
        "resolved": "21.1.7",
        "contentHash": "UcQ+kdN0Ibqbhp6uAMAbc06ri7FeQskQFJX+xZD6siVI5Dg7GaeY4dQYqSfbDA5ZPITtXX9Si4E8XhE6Hhufhg==",
        "dependencies": {
          "TestableIO.System.IO.Abstractions": "21.1.7"
        }
      }
    }
  }
}