
Microsoft Visual Studio Solution File, Format Version 12.00
# Visual Studio Version 17
VisualStudioVersion = 17.0.31903.59
MinimumVisualStudioVersion = 10.0.40219.1
#if (includeBenchmarkProject)
Project("{2150E333-8FDC-42A3-9474-1A3956D46DE8}") = "benchmarks", "benchmarks", "{19AA8CD4-C85C-42FD-A998-5FCD6E29335F}"
EndProject
Project("{FAE04EC0-301F-11D3-BF4B-00C04F79EFBC}") = "BASE_NAME.Benchmarks", "benchmarks\BASE_NAME.Benchmarks\BASE_NAME.Benchmarks.csproj", "{D6B1F699-4675-4D99-964D-59C5CEC32058}"
EndProject
#endif
Project("{2150E333-8FDC-42A3-9474-1A3956D46DE8}") = "src", "src", "{27DC3B6A-1382-472C-A819-A6C8C782CE1C}"
EndProject
Project("{FAE04EC0-301F-11D3-BF4B-00C04F79EFBC}") = "BASE_NAME.Core", "src\BASE_NAME.Core\BASE_NAME.Core.csproj", "{66ACCBBD-6F18-47FB-BC6C-5BDEFCDF4147}"
EndProject
#if (addFrontendProject)
Project("{FAE04EC0-301F-11D3-BF4B-00C04F79EFBC}") = "BASE_NAME.Frontend", "src\BASE_NAME.Frontend\BASE_NAME.Frontend.csproj", "{37AC3F50-7ADA-4304-9582-F3659BF50F07}"
EndProject
#endif
Project("{2150E333-8FDC-42A3-9474-1A3956D46DE8}") = "test", "test", "{066C3D72-CA92-4DB5-A262-CB0185D6F0DE}"
EndProject
Project("{FAE04EC0-301F-11D3-BF4B-00C04F79EFBC}") = "BASE_NAME.TestHelpers", "test\BASE_NAME.TestHelpers\BASE_NAME.TestHelpers.csproj", "{9107106F-58F3-4A4B-BAFA-5125D0206644}"
EndProject
Project("{FAE04EC0-301F-11D3-BF4B-00C04F79EFBC}") = "BASE_NAME.Core.Tests", "test\BASE_NAME.Core.Tests\BASE_NAME.Core.Tests.csproj", "{23C10F1A-E903-4E20-BDF4-0A77D4148CBA}"
EndProject
Global
	GlobalSection(SolutionConfigurationPlatforms) = preSolution
		Debug|Any CPU = Debug|Any CPU
		Release|Any CPU = Release|Any CPU
	EndGlobalSection
	GlobalSection(SolutionProperties) = preSolution
		HideSolutionNode = FALSE
	EndGlobalSection
	GlobalSection(ProjectConfigurationPlatforms) = postSolution
#if (includeBenchmarkProject)
		{D6B1F699-4675-4D99-964D-59C5CEC32058}.Debug|Any CPU.ActiveCfg = Debug|Any CPU
		{D6B1F699-4675-4D99-964D-59C5CEC32058}.Debug|Any CPU.Build.0 = Debug|Any CPU
		{D6B1F699-4675-4D99-964D-59C5CEC32058}.Release|Any CPU.ActiveCfg = Release|Any CPU
		{D6B1F699-4675-4D99-964D-59C5CEC32058}.Release|Any CPU.Build.0 = Release|Any CPU
#endif
		{66ACCBBD-6F18-47FB-BC6C-5BDEFCDF4147}.Debug|Any CPU.ActiveCfg = Debug|Any CPU
		{66ACCBBD-6F18-47FB-BC6C-5BDEFCDF4147}.Debug|Any CPU.Build.0 = Debug|Any CPU
		{66ACCBBD-6F18-47FB-BC6C-5BDEFCDF4147}.Release|Any CPU.ActiveCfg = Release|Any CPU
		{66ACCBBD-6F18-47FB-BC6C-5BDEFCDF4147}.Release|Any CPU.Build.0 = Release|Any CPU
#if (addFrontendProject)
		{37AC3F50-7ADA-4304-9582-F3659BF50F07}.Debug|Any CPU.ActiveCfg = Debug|Any CPU
		{37AC3F50-7ADA-4304-9582-F3659BF50F07}.Debug|Any CPU.Build.0 = Debug|Any CPU
		{37AC3F50-7ADA-4304-9582-F3659BF50F07}.Release|Any CPU.ActiveCfg = Release|Any CPU
		{37AC3F50-7ADA-4304-9582-F3659BF50F07}.Release|Any CPU.Build.0 = Release|Any CPU
#endif
		{9107106F-58F3-4A4B-BAFA-5125D0206644}.Debug|Any CPU.ActiveCfg = Debug|Any CPU
		{9107106F-58F3-4A4B-BAFA-5125D0206644}.Debug|Any CPU.Build.0 = Debug|Any CPU
		{9107106F-58F3-4A4B-BAFA-5125D0206644}.Release|Any CPU.ActiveCfg = Release|Any CPU
		{9107106F-58F3-4A4B-BAFA-5125D0206644}.Release|Any CPU.Build.0 = Release|Any CPU
		{23C10F1A-E903-4E20-BDF4-0A77D4148CBA}.Debug|Any CPU.ActiveCfg = Debug|Any CPU
		{23C10F1A-E903-4E20-BDF4-0A77D4148CBA}.Debug|Any CPU.Build.0 = Debug|Any CPU
		{23C10F1A-E903-4E20-BDF4-0A77D4148CBA}.Release|Any CPU.ActiveCfg = Release|Any CPU
		{23C10F1A-E903-4E20-BDF4-0A77D4148CBA}.Release|Any CPU.Build.0 = Release|Any CPU
	EndGlobalSection
	GlobalSection(NestedProjects) = preSolution
#if (includeBenchmarkProject)
		{D6B1F699-4675-4D99-964D-59C5CEC32058} = {19AA8CD4-C85C-42FD-A998-5FCD6E29335F}
#endif
		{66ACCBBD-6F18-47FB-BC6C-5BDEFCDF4147} = {27DC3B6A-1382-472C-A819-A6C8C782CE1C}
#if (addFrontendProject)
		{37AC3F50-7ADA-4304-9582-F3659BF50F07} = {27DC3B6A-1382-472C-A819-A6C8C782CE1C}
#endif
		{9107106F-58F3-4A4B-BAFA-5125D0206644} = {066C3D72-CA92-4DB5-A262-CB0185D6F0DE}
		{23C10F1A-E903-4E20-BDF4-0A77D4148CBA} = {066C3D72-CA92-4DB5-A262-CB0185D6F0DE}
	EndGlobalSection
EndGlobal
