
Microsoft Visual Studio Solution File, Format Version 12.00
# Visual Studio Version 17
VisualStudioVersion = 17.0.31903.59
MinimumVisualStudioVersion = 10.0.40219.1
Project("{2150E333-8FDC-42A3-9474-1A3956D46DE8}") = "src", "src", "{362B8B37-5E5D-4E36-B272-17E0D985B7A0}"
EndProject
Project("{FAE04EC0-301F-11D3-BF4B-00C04F79EFBC}") = "BASE_NAME.Core", "src\BASE_NAME.Core\BASE_NAME.Core.csproj", "{C53909E3-1076-402E-981D-477C340599E7}"
EndProject
Project("{2150E333-8FDC-42A3-9474-1A3956D46DE8}") = "test", "test", "{982AABDB-799C-4A5A-817B-421D100AAE99}"
EndProject
Project("{FAE04EC0-301F-11D3-BF4B-00C04F79EFBC}") = "BASE_NAME.Core.Tests", "test\BASE_NAME.Core.Tests\BASE_NAME.Core.Tests.csproj", "{6E055661-9DD9-47EA-BFA4-E20862522A9C}"
EndProject
Project("{FAE04EC0-301F-11D3-BF4B-00C04F79EFBC}") = "BASE_NAME.TestHelpers", "test\BASE_NAME.TestHelpers\BASE_NAME.TestHelpers.csproj", "{23CAAE77-3BA6-47E6-BE31-048D000E3FAC}"
EndProject
Global
	GlobalSection(SolutionConfigurationPlatforms) = preSolution
		Debug|Any CPU = Debug|Any CPU
		Release|Any CPU = Release|Any CPU
	EndGlobalSection
	GlobalSection(SolutionProperties) = preSolution
		HideSolutionNode = FALSE
	EndGlobalSection
	GlobalSection(ProjectConfigurationPlatforms) = postSolution
		{C53909E3-1076-402E-981D-477C340599E7}.Debug|Any CPU.ActiveCfg = Debug|Any CPU
		{C53909E3-1076-402E-981D-477C340599E7}.Debug|Any CPU.Build.0 = Debug|Any CPU
		{C53909E3-1076-402E-981D-477C340599E7}.Release|Any CPU.ActiveCfg = Release|Any CPU
		{C53909E3-1076-402E-981D-477C340599E7}.Release|Any CPU.Build.0 = Release|Any CPU
		{6E055661-9DD9-47EA-BFA4-E20862522A9C}.Debug|Any CPU.ActiveCfg = Debug|Any CPU
		{6E055661-9DD9-47EA-BFA4-E20862522A9C}.Debug|Any CPU.Build.0 = Debug|Any CPU
		{6E055661-9DD9-47EA-BFA4-E20862522A9C}.Release|Any CPU.ActiveCfg = Release|Any CPU
		{6E055661-9DD9-47EA-BFA4-E20862522A9C}.Release|Any CPU.Build.0 = Release|Any CPU
		{23CAAE77-3BA6-47E6-BE31-048D000E3FAC}.Debug|Any CPU.ActiveCfg = Debug|Any CPU
		{23CAAE77-3BA6-47E6-BE31-048D000E3FAC}.Debug|Any CPU.Build.0 = Debug|Any CPU
		{23CAAE77-3BA6-47E6-BE31-048D000E3FAC}.Release|Any CPU.ActiveCfg = Release|Any CPU
		{23CAAE77-3BA6-47E6-BE31-048D000E3FAC}.Release|Any CPU.Build.0 = Release|Any CPU
	EndGlobalSection
	GlobalSection(NestedProjects) = preSolution
		{C53909E3-1076-402E-981D-477C340599E7} = {362B8B37-5E5D-4E36-B272-17E0D985B7A0}
		{6E055661-9DD9-47EA-BFA4-E20862522A9C} = {982AABDB-799C-4A5A-817B-421D100AAE99}
		{23CAAE77-3BA6-47E6-BE31-048D000E3FAC} = {982AABDB-799C-4A5A-817B-421D100AAE99}
	EndGlobalSection
EndGlobal
